
Microsoft Visual Studio Solution File, Format Version 12.00
# Visual Studio Version 16
VisualStudioVersion = 16.0.29728.190
MinimumVisualStudioVersion = 10.0.40219.1
Project("{FAE04EC0-301F-11D3-BF4B-00C04F79EFBC}") = "Queue", "..\TemplateTaskCSharp\TemplateTaskCSharp\Queue.csproj", "{1AFECF63-6EBE-4BC6-96C6-8A162238B9FD}"
EndProject
Project("{FAE04EC0-301F-11D3-BF4B-00C04F79EFBC}") = "BinaryTreeCSharp", "BinaryTreeCSharp\BinaryTreeCSharp.csproj", "{01AAA59B-D29F-4579-923A-0171FB821865}"
EndProject
Global
	GlobalSection(SolutionConfigurationPlatforms) = preSolution
		Debug|Any CPU = Debug|Any CPU
		Debug|x64 = Debug|x64
		Debug|x86 = Debug|x86
		Release|Any CPU = Release|Any CPU
		Release|x64 = Release|x64
		Release|x86 = Release|x86
	EndGlobalSection
	GlobalSection(ProjectConfigurationPlatforms) = postSolution
		{1AFECF63-6EBE-4BC6-96C6-8A162238B9FD}.Debug|Any CPU.ActiveCfg = Debug|Any CPU
		{1AFECF63-6EBE-4BC6-96C6-8A162238B9FD}.Debug|Any CPU.Build.0 = Debug|Any CPU
		{1AFECF63-6EBE-4BC6-96C6-8A162238B9FD}.Debug|x64.ActiveCfg = Debug|Any CPU
		{1AFECF63-6EBE-4BC6-96C6-8A162238B9FD}.Debug|x64.Build.0 = Debug|Any CPU
		{1AFECF63-6EBE-4BC6-96C6-8A162238B9FD}.Debug|x86.ActiveCfg = Debug|Any CPU
		{1AFECF63-6EBE-4BC6-96C6-8A162238B9FD}.Debug|x86.Build.0 = Debug|Any CPU
		{1AFECF63-6EBE-4BC6-96C6-8A162238B9FD}.Release|Any CPU.ActiveCfg = Release|Any CPU
		{1AFECF63-6EBE-4BC6-96C6-8A162238B9FD}.Release|Any CPU.Build.0 = Release|Any CPU
		{1AFECF63-6EBE-4BC6-96C6-8A162238B9FD}.Release|x64.ActiveCfg = Release|Any CPU
		{1AFECF63-6EBE-4BC6-96C6-8A162238B9FD}.Release|x64.Build.0 = Release|Any CPU
		{1AFECF63-6EBE-4BC6-96C6-8A162238B9FD}.Release|x86.ActiveCfg = Release|Any CPU
		{1AFECF63-6EBE-4BC6-96C6-8A162238B9FD}.Release|x86.Build.0 = Release|Any CPU
		{01AAA59B-D29F-4579-923A-0171FB821865}.Debug|Any CPU.ActiveCfg = Debug|Any CPU
		{01AAA59B-D29F-4579-923A-0171FB821865}.Debug|Any CPU.Build.0 = Debug|Any CPU
		{01AAA59B-D29F-4579-923A-0171FB821865}.Debug|x64.ActiveCfg = Debug|Any CPU
		{01AAA59B-D29F-4579-923A-0171FB821865}.Debug|x64.Build.0 = Debug|Any CPU
		{01AAA59B-D29F-4579-923A-0171FB821865}.Debug|x86.ActiveCfg = Debug|Any CPU
		{01AAA59B-D29F-4579-923A-0171FB821865}.Debug|x86.Build.0 = Debug|Any CPU
		{01AAA59B-D29F-4579-923A-0171FB821865}.Release|Any CPU.ActiveCfg = Release|Any CPU
		{01AAA59B-D29F-4579-923A-0171FB821865}.Release|Any CPU.Build.0 = Release|Any CPU
		{01AAA59B-D29F-4579-923A-0171FB821865}.Release|x64.ActiveCfg = Release|Any CPU
		{01AAA59B-D29F-4579-923A-0171FB821865}.Release|x64.Build.0 = Release|Any CPU
		{01AAA59B-D29F-4579-923A-0171FB821865}.Release|x86.ActiveCfg = Release|Any CPU
		{01AAA59B-D29F-4579-923A-0171FB821865}.Release|x86.Build.0 = Release|Any CPU
	EndGlobalSection
	GlobalSection(SolutionProperties) = preSolution
		HideSolutionNode = FALSE
	EndGlobalSection
	GlobalSection(ExtensibilityGlobals) = postSolution
		SolutionGuid = {C14526B4-9538-4F51-918D-B8C8762A0C0C}
	EndGlobalSection
EndGlobal
